{
  "version": 4,
  "terraform_version": "1.4.6",
  "serial": 39,
  "lineage": "b2d6962f-4ec0-ebe4-a56f-b7799c4247c0",
  "outputs": {},
  "resources": [
    {
      "mode": "data",
      "type": "azurerm_log_analytics_workspace",
      "name": "activity",
      "provider": "provider[\"registry.terraform.io/hashicorp/azurerm\"]",
      "instances": [
        {
          "schema_version": 0,
          "attributes": {
            "daily_quota_gb": -1,
            "id": "/subscriptions/d94fe338-52d8-4a44-acd4-4f8301adf2cf/resourceGroups/dor-hub-n-spoke/providers/Microsoft.OperationalInsights/workspaces/activity-monitor-log-workspace",
            "location": "eastus",
            "name": "activity-monitor-log-workspace",
            "primary_shared_key": "rOKNsZZme/kRj1tzZMP5kfjOIRmGBEbVlwLuLmU7YDRmWFEwcQx+9w35tA4I43QfO5JxBcMyoH2rb3dTQzgWfA==",
            "resource_group_name": "dor-hub-n-spoke",
            "retention_in_days": 30,
            "secondary_shared_key": "Bw/vPT6oej9Pw5mZAgDD6VeAHoP4PJOieqKZ2QRPFXt9QnAfY+s6AdbpJBeq8L9uyP/p7S15y/9oMue4J4vaIw==",
            "sku": "pergb2018",
            "tags": {
              "CreationDateTime": "2023-05-10T12:29:50.5869773Z",
              "Creator": "Dor Almog",
              "Environment": "Dev",
              "ProjectName": "dor-hubnspoke"
            },
            "timeouts": null,
            "workspace_id": "b6161c85-5595-4abc-a570-934bd608a4fb"
          },
          "sensitive_attributes": []
        }
      ]
    },
    {
      "mode": "managed",
      "type": "azurerm_resource_group",
      "name": "test_rg",
      "provider": "provider[\"registry.terraform.io/hashicorp/azurerm\"]",
      "instances": [
        {
          "schema_version": 0,
          "attributes": {
            "id": "/subscriptions/d94fe338-52d8-4a44-acd4-4f8301adf2cf/resourceGroups/dtf-virtual-machine-test",
            "location": "westeurope",
            "managed_by": "",
            "name": "dtf-virtual-machine-test",
            "tags": {
              "CreationDateTime": "2023-07-30T13:49:23.8426481Z",
              "Environment": "Dev"
            },
            "timeouts": null
          },
          "sensitive_attributes": [],
          "private": "eyJlMmJmYjczMC1lY2FhLTExZTYtOGY4OC0zNDM2M2JjN2M0YzAiOnsiY3JlYXRlIjo1NDAwMDAwMDAwMDAwLCJkZWxldGUiOjU0MDAwMDAwMDAwMDAsInJlYWQiOjMwMDAwMDAwMDAwMCwidXBkYXRlIjo1NDAwMDAwMDAwMDAwfX0="
        }
      ]
    },
    {
      "module": "module.vm",
      "mode": "managed",
      "type": "azurerm_linux_virtual_machine",
      "name": "vms",
      "provider": "provider[\"registry.terraform.io/hashicorp/azurerm\"]",
      "instances": [
        {
          "index_key": 0,
          "schema_version": 0,
          "attributes": {
            "additional_capabilities": [],
            "admin_password": null,
            "admin_ssh_key": [
              {
                "public_key": "ssh-rsa AAAAB3NzaC1yc2EAAAADAQABAAABgQDwrxaRFTwwPd5BgX3dIk7FLvHi9L3zejLsaPhNDQmgClO1QThrntjWtP/BQPsUaMG+JsFuHeWM5S24VnZkDRWdr61Os7XLnuy69hS1oONFXGoMvGDs4tkzRf1oRPxheIoyzWt1aM2SC85pvzEeoJx2xV0IAU3FQrFWZ5y3ZAYG+DKLVpJA6+fmYR+CDHtWGpg3XALwRu0GiugvKquauC9yTx4LbHIo6ZMG9+tTAe+TxG2xjgfJqfdp1KmBOEpKffvovfY/x3gg6pGe8hOpYP+PqibqmeIKc5+LB5FP2T7oJkq3SsT6SZjZRwPmb6nE796vkPed1YPB150wReXa/vfvg8spxjC98J7ld1AKM7w/R7mQHjDz0XpBsWf4KnOd1byce1ZuDYamU1ywufHlHNJzDjTKd/yC2O8KJaNbmO3WDDS4ttjpLhny677vJP5ejy5bfptjgJrbq5ncKdBXCvPE+fJ17mJJJdgweYqV55Szwsq7MSF591lMX7w26A+QmYc= Daniel@DESKTOP-E71CMCS\n",
                "username": "daniel"
              }
            ],
            "admin_username": "daniel",
            "allow_extension_operations": true,
            "availability_set_id": "",
            "boot_diagnostics": [],
            "bypass_platform_safety_checks_on_user_schedule_enabled": false,
            "capacity_reservation_group_id": "",
            "computer_name": "test-vm",
            "custom_data": null,
            "dedicated_host_group_id": "",
            "dedicated_host_id": "",
            "disable_password_authentication": true,
            "edge_zone": "",
            "encryption_at_host_enabled": false,
            "eviction_policy": "",
            "extensions_time_budget": "PT1H30M",
            "gallery_application": [],
            "id": "/subscriptions/d94fe338-52d8-4a44-acd4-4f8301adf2cf/resourceGroups/dtf-virtual-machine-test/providers/Microsoft.Compute/virtualMachines/test-vm",
            "identity": [],
            "license_type": "",
            "location": "westeurope",
            "max_bid_price": -1,
            "name": "test-vm",
            "network_interface_ids": [
              "/subscriptions/d94fe338-52d8-4a44-acd4-4f8301adf2cf/resourceGroups/dtf-virtual-machine-test/providers/Microsoft.Network/networkInterfaces/test-nic"
            ],
            "os_disk": [
              {
                "caching": "ReadWrite",
                "diff_disk_settings": [],
                "disk_encryption_set_id": "",
                "disk_size_gb": 30,
                "name": "test-vm_OsDisk_1_b49bc0ffb5c341678eccff813a1f31fe",
                "secure_vm_disk_encryption_set_id": "",
                "security_encryption_type": "",
                "storage_account_type": "Standard_LRS",
                "write_accelerator_enabled": false
              }
            ],
            "patch_assessment_mode": "ImageDefault",
            "patch_mode": "ImageDefault",
            "plan": [],
            "platform_fault_domain": -1,
            "priority": "Regular",
            "private_ip_address": "10.0.0.4",
            "private_ip_addresses": [
              "10.0.0.4"
            ],
            "provision_vm_agent": true,
            "proximity_placement_group_id": "",
            "public_ip_address": "",
            "public_ip_addresses": [],
            "reboot_setting": "",
            "resource_group_name": "dtf-virtual-machine-test",
            "secret": [],
            "secure_boot_enabled": false,
            "size": "Standard_B2s",
            "source_image_id": "",
            "source_image_reference": [
              {
                "offer": "0001-com-ubuntu-server-focal",
                "publisher": "Canonical",
                "sku": "20_04-lts",
                "version": "latest"
              }
            ],
            "tags": {
              "CreationDateTime": "2023-07-30T14:02:38.0934083Z",
              "Environment": "Dev"
            },
            "termination_notification": [],
            "timeouts": null,
            "user_data": "",
            "virtual_machine_id": "45d5e5a6-3ef6-41ce-b039-b9047c6b272a",
            "virtual_machine_scale_set_id": "",
            "vtpm_enabled": false,
            "zone": ""
          },
          "sensitive_attributes": [
            [
              {
                "type": "get_attr",
                "value": "admin_password"
              }
            ]
          ],
          "private": "eyJlMmJmYjczMC1lY2FhLTExZTYtOGY4OC0zNDM2M2JjN2M0YzAiOnsiY3JlYXRlIjoyNzAwMDAwMDAwMDAwLCJkZWxldGUiOjI3MDAwMDAwMDAwMDAsInJlYWQiOjMwMDAwMDAwMDAwMCwidXBkYXRlIjoyNzAwMDAwMDAwMDAwfX0=",
          "dependencies": [
            "azurerm_resource_group.test_rg",
            "module.vm.azurerm_network_interface.nics",
            "module.vm.azurerm_public_ip.ips",
            "module.vnet.azurerm_resource_group_template_deployment.subnets",
            "module.vnet.azurerm_virtual_network.vnet"
          ]
        }
      ]
    },
    {
      "module": "module.vm",
      "mode": "managed",
      "type": "azurerm_managed_disk",
      "name": "disks",
      "provider": "provider[\"registry.terraform.io/hashicorp/azurerm\"]",
      "instances": [
        {
          "index_key": "disk1-0",
          "schema_version": 1,
          "attributes": {
            "create_option": "Empty",
            "disk_access_id": "",
            "disk_encryption_set_id": "",
            "disk_iops_read_only": 0,
            "disk_iops_read_write": 500,
            "disk_mbps_read_only": 0,
            "disk_mbps_read_write": 60,
            "disk_size_gb": 3,
            "edge_zone": "",
            "encryption_settings": [],
            "gallery_image_reference_id": "",
            "hyper_v_generation": "",
            "id": "/subscriptions/d94fe338-52d8-4a44-acd4-4f8301adf2cf/resourceGroups/dtf-virtual-machine-test/providers/Microsoft.Compute/disks/disk1",
            "image_reference_id": "",
            "location": "westeurope",
            "logical_sector_size": null,
            "max_shares": 0,
            "name": "disk1",
            "network_access_policy": null,
            "on_demand_bursting_enabled": false,
            "os_type": "",
            "public_network_access_enabled": true,
            "resource_group_name": "dtf-virtual-machine-test",
            "secure_vm_disk_encryption_set_id": "",
            "security_type": "",
            "source_resource_id": "",
            "source_uri": "",
            "storage_account_id": "",
            "storage_account_type": "Standard_LRS",
            "tags": {
              "CreationDateTime": "2023-08-01T15:35:32.1348831Z",
              "Environment": "Dev"
            },
            "tier": "",
            "timeouts": null,
            "trusted_launch_enabled": false,
            "upload_size_bytes": 0,
            "zone": ""
          },
          "sensitive_attributes": [],
          "private": "eyJlMmJmYjczMC1lY2FhLTExZTYtOGY4OC0zNDM2M2JjN2M0YzAiOnsiY3JlYXRlIjoxODAwMDAwMDAwMDAwLCJkZWxldGUiOjE4MDAwMDAwMDAwMDAsInJlYWQiOjMwMDAwMDAwMDAwMCwidXBkYXRlIjoxODAwMDAwMDAwMDAwfSwic2NoZW1hX3ZlcnNpb24iOiIxIn0=",
          "dependencies": [
            "azurerm_resource_group.test_rg",
            "module.vm.azurerm_linux_virtual_machine.vms",
            "module.vm.azurerm_windows_virtual_machine.vms"
          ]
        },
        {
          "index_key": "disk2-0",
          "schema_version": 1,
          "attributes": {
            "create_option": "Empty",
            "disk_access_id": "",
            "disk_encryption_set_id": "",
            "disk_iops_read_only": 0,
            "disk_iops_read_write": 500,
            "disk_mbps_read_only": 0,
            "disk_mbps_read_write": 60,
            "disk_size_gb": 5,
            "edge_zone": "",
            "encryption_settings": [],
            "gallery_image_reference_id": "",
            "hyper_v_generation": "",
            "id": "/subscriptions/d94fe338-52d8-4a44-acd4-4f8301adf2cf/resourceGroups/dtf-virtual-machine-test/providers/Microsoft.Compute/disks/disk2",
            "image_reference_id": "",
            "location": "westeurope",
            "logical_sector_size": null,
            "max_shares": 0,
            "name": "disk2",
            "network_access_policy": null,
            "on_demand_bursting_enabled": false,
            "os_type": "",
            "public_network_access_enabled": true,
            "resource_group_name": "dtf-virtual-machine-test",
            "secure_vm_disk_encryption_set_id": "",
            "security_type": "",
            "source_resource_id": "",
            "source_uri": "",
            "storage_account_id": "",
            "storage_account_type": "Standard_LRS",
            "tags": {
              "CreationDateTime": "2023-08-01T15:35:32.2148848Z",
              "Environment": "Dev"
            },
            "tier": "",
            "timeouts": null,
            "trusted_launch_enabled": false,
            "upload_size_bytes": 0,
            "zone": ""
          },
          "sensitive_attributes": [],
          "private": "eyJlMmJmYjczMC1lY2FhLTExZTYtOGY4OC0zNDM2M2JjN2M0YzAiOnsiY3JlYXRlIjoxODAwMDAwMDAwMDAwLCJkZWxldGUiOjE4MDAwMDAwMDAwMDAsInJlYWQiOjMwMDAwMDAwMDAwMCwidXBkYXRlIjoxODAwMDAwMDAwMDAwfSwic2NoZW1hX3ZlcnNpb24iOiIxIn0=",
          "dependencies": [
            "azurerm_resource_group.test_rg",
            "module.vm.azurerm_linux_virtual_machine.vms",
            "module.vm.azurerm_windows_virtual_machine.vms"
          ]
        }
      ]
    },
    {
      "module": "module.vm",
      "mode": "managed",
      "type": "azurerm_network_interface",
      "name": "nics",
      "provider": "provider[\"registry.terraform.io/hashicorp/azurerm\"]",
      "instances": [
        {
          "index_key": 0,
          "schema_version": 0,
          "attributes": {
            "applied_dns_servers": [],
            "dns_servers": [],
            "edge_zone": "",
            "enable_accelerated_networking": false,
            "enable_ip_forwarding": false,
            "id": "/subscriptions/d94fe338-52d8-4a44-acd4-4f8301adf2cf/resourceGroups/dtf-virtual-machine-test/providers/Microsoft.Network/networkInterfaces/test-nic",
            "internal_dns_name_label": "",
            "internal_domain_name_suffix": "",
            "ip_configuration": [
              {
                "gateway_load_balancer_frontend_ip_configuration_id": "",
                "name": "default",
                "primary": true,
                "private_ip_address": "10.0.0.4",
                "private_ip_address_allocation": "Dynamic",
                "private_ip_address_version": "IPv4",
                "public_ip_address_id": "",
                "subnet_id": "/subscriptions/d94fe338-52d8-4a44-acd4-4f8301adf2cf/resourceGroups/dtf-virtual-machine-test/providers/Microsoft.Network/virtualNetworks/vnet/subnets/VMSubnet"
              }
            ],
            "location": "westeurope",
            "mac_address": "60-45-BD-8F-0E-E0",
            "name": "test-nic",
            "private_ip_address": "10.0.0.4",
            "private_ip_addresses": [
              "10.0.0.4"
            ],
            "resource_group_name": "dtf-virtual-machine-test",
            "tags": {
              "CreationDateTime": "2023-07-30T13:50:03.7295068Z",
              "Environment": "Dev"
            },
            "timeouts": null,
            "virtual_machine_id": "/subscriptions/d94fe338-52d8-4a44-acd4-4f8301adf2cf/resourceGroups/dtf-virtual-machine-test/providers/Microsoft.Compute/virtualMachines/test-vm"
          },
          "sensitive_attributes": [],
          "private": "eyJlMmJmYjczMC1lY2FhLTExZTYtOGY4OC0zNDM2M2JjN2M0YzAiOnsiY3JlYXRlIjoxODAwMDAwMDAwMDAwLCJkZWxldGUiOjE4MDAwMDAwMDAwMDAsInJlYWQiOjMwMDAwMDAwMDAwMCwidXBkYXRlIjoxODAwMDAwMDAwMDAwfX0=",
          "dependencies": [
            "azurerm_resource_group.test_rg",
            "module.vm.azurerm_public_ip.ips",
            "module.vnet.azurerm_resource_group_template_deployment.subnets",
            "module.vnet.azurerm_virtual_network.vnet"
          ]
        }
      ]
    },
    {
      "module": "module.vm",
      "mode": "managed",
      "type": "azurerm_virtual_machine_data_disk_attachment",
      "name": "disks_attachment",
      "provider": "provider[\"registry.terraform.io/hashicorp/azurerm\"]",
      "instances": [
        {
          "index_key": "disk1-0",
          "schema_version": 0,
          "attributes": {
            "caching": "ReadWrite",
            "create_option": "Attach",
            "id": "/subscriptions/d94fe338-52d8-4a44-acd4-4f8301adf2cf/resourceGroups/dtf-virtual-machine-test/providers/Microsoft.Compute/virtualMachines/test-vm/dataDisks/disk1",
            "lun": 0,
            "managed_disk_id": "/subscriptions/d94fe338-52d8-4a44-acd4-4f8301adf2cf/resourceGroups/dtf-virtual-machine-test/providers/Microsoft.Compute/disks/disk1",
            "timeouts": null,
            "virtual_machine_id": "/subscriptions/d94fe338-52d8-4a44-acd4-4f8301adf2cf/resourceGroups/dtf-virtual-machine-test/providers/Microsoft.Compute/virtualMachines/test-vm",
            "write_accelerator_enabled": false
          },
          "sensitive_attributes": [],
          "private": "eyJlMmJmYjczMC1lY2FhLTExZTYtOGY4OC0zNDM2M2JjN2M0YzAiOnsiY3JlYXRlIjoxODAwMDAwMDAwMDAwLCJkZWxldGUiOjE4MDAwMDAwMDAwMDAsInJlYWQiOjMwMDAwMDAwMDAwMCwidXBkYXRlIjoxODAwMDAwMDAwMDAwfX0=",
          "dependencies": [
            "azurerm_resource_group.test_rg",
            "module.vm.azurerm_linux_virtual_machine.vms",
            "module.vm.azurerm_managed_disk.disks",
            "module.vm.azurerm_network_interface.nics",
            "module.vm.azurerm_public_ip.ips",
            "module.vm.azurerm_windows_virtual_machine.vms",
            "module.vnet.azurerm_resource_group_template_deployment.subnets",
            "module.vnet.azurerm_virtual_network.vnet"
          ]
        },
        {
          "index_key": "disk2-0",
          "schema_version": 0,
          "attributes": {
            "caching": "ReadOnly",
            "create_option": "Attach",
            "id": "/subscriptions/d94fe338-52d8-4a44-acd4-4f8301adf2cf/resourceGroups/dtf-virtual-machine-test/providers/Microsoft.Compute/virtualMachines/test-vm/dataDisks/disk2",
            "lun": 1,
            "managed_disk_id": "/subscriptions/d94fe338-52d8-4a44-acd4-4f8301adf2cf/resourceGroups/dtf-virtual-machine-test/providers/Microsoft.Compute/disks/disk2",
            "timeouts": null,
            "virtual_machine_id": "/subscriptions/d94fe338-52d8-4a44-acd4-4f8301adf2cf/resourceGroups/dtf-virtual-machine-test/providers/Microsoft.Compute/virtualMachines/test-vm",
            "write_accelerator_enabled": false
          },
          "sensitive_attributes": [],
          "private": "eyJlMmJmYjczMC1lY2FhLTExZTYtOGY4OC0zNDM2M2JjN2M0YzAiOnsiY3JlYXRlIjoxODAwMDAwMDAwMDAwLCJkZWxldGUiOjE4MDAwMDAwMDAwMDAsInJlYWQiOjMwMDAwMDAwMDAwMCwidXBkYXRlIjoxODAwMDAwMDAwMDAwfX0=",
          "dependencies": [
            "azurerm_resource_group.test_rg",
            "module.vm.azurerm_linux_virtual_machine.vms",
            "module.vm.azurerm_managed_disk.disks",
            "module.vm.azurerm_network_interface.nics",
            "module.vm.azurerm_public_ip.ips",
            "module.vm.azurerm_windows_virtual_machine.vms",
            "module.vnet.azurerm_resource_group_template_deployment.subnets",
            "module.vnet.azurerm_virtual_network.vnet"
          ]
        }
      ]
    },
    {
      "module": "module.vm.module.nic_diagnostic[0]",
      "mode": "data",
      "type": "azurerm_monitor_diagnostic_categories",
      "name": "categories",
      "provider": "provider[\"registry.terraform.io/hashicorp/azurerm\"]",
      "instances": [
        {
          "schema_version": 0,
          "attributes": {
            "id": "/subscriptions/d94fe338-52d8-4a44-acd4-4f8301adf2cf/resourceGroups/dtf-virtual-machine-test/providers/Microsoft.Network/networkInterfaces/test-nic",
            "log_category_groups": [],
            "log_category_types": [],
            "logs": [],
            "metrics": [
              "AllMetrics"
            ],
            "resource_id": "/subscriptions/d94fe338-52d8-4a44-acd4-4f8301adf2cf/resourceGroups/dtf-virtual-machine-test/providers/Microsoft.Network/networkInterfaces/test-nic",
            "timeouts": null
          },
          "sensitive_attributes": []
        }
      ]
    },
    {
      "module": "module.vm.module.nic_diagnostic[0]",
      "mode": "managed",
      "type": "azurerm_monitor_diagnostic_setting",
      "name": "diagnostics",
      "provider": "provider[\"registry.terraform.io/hashicorp/azurerm\"]",
      "instances": [
        {
          "schema_version": 0,
          "attributes": {
            "enabled_log": [],
            "eventhub_authorization_rule_id": "",
            "eventhub_name": "",
            "id": "/subscriptions/d94fe338-52d8-4a44-acd4-4f8301adf2cf/resourceGroups/dtf-virtual-machine-test/providers/Microsoft.Network/networkInterfaces/test-nic|test-nic-diagnostic",
            "log": [],
            "log_analytics_destination_type": "",
            "log_analytics_workspace_id": "/subscriptions/d94fe338-52d8-4a44-acd4-4f8301adf2cf/resourceGroups/dor-hub-n-spoke/providers/Microsoft.OperationalInsights/workspaces/activity-monitor-log-workspace",
            "metric": [
              {
                "category": "AllMetrics",
                "enabled": true,
                "retention_policy": [
                  {
                    "days": 0,
                    "enabled": false
                  }
                ]
              }
            ],
            "name": "test-nic-diagnostic",
            "partner_solution_id": null,
            "storage_account_id": null,
            "target_resource_id": "/subscriptions/d94fe338-52d8-4a44-acd4-4f8301adf2cf/resourceGroups/dtf-virtual-machine-test/providers/Microsoft.Network/networkInterfaces/test-nic",
            "timeouts": null
          },
          "sensitive_attributes": [],
          "private": "eyJlMmJmYjczMC1lY2FhLTExZTYtOGY4OC0zNDM2M2JjN2M0YzAiOnsiY3JlYXRlIjoxODAwMDAwMDAwMDAwLCJkZWxldGUiOjM2MDAwMDAwMDAwMDAsInJlYWQiOjMwMDAwMDAwMDAwMCwidXBkYXRlIjoxODAwMDAwMDAwMDAwfX0=",
          "dependencies": [
            "azurerm_resource_group.test_rg",
            "data.azurerm_log_analytics_workspace.activity",
            "module.vm.azurerm_network_interface.nics",
            "module.vm.azurerm_public_ip.ips",
            "module.vm.module.nic_diagnostic.data.azurerm_monitor_diagnostic_categories.categories",
            "module.vnet.azurerm_resource_group_template_deployment.subnets",
            "module.vnet.azurerm_virtual_network.vnet"
          ]
        }
      ]
    },
    {
      "module": "module.vnet",
      "mode": "managed",
      "type": "azurerm_resource_group_template_deployment",
      "name": "subnets",
      "provider": "provider[\"registry.terraform.io/hashicorp/azurerm\"]",
      "instances": [
        {
          "index_key": "VMSubnet",
          "schema_version": 0,
          "attributes": {
            "debug_level": "",
            "deployment_mode": "Incremental",
            "id": "/subscriptions/d94fe338-52d8-4a44-acd4-4f8301adf2cf/resourceGroups/dtf-virtual-machine-test/providers/Microsoft.Resources/deployments/VMSubnet-template",
            "name": "VMSubnet-template",
            "output_content": "{\"subnet_id\":{\"type\":\"String\",\"value\":\"/subscriptions/d94fe338-52d8-4a44-acd4-4f8301adf2cf/resourceGroups/dtf-virtual-machine-test/providers/Microsoft.Network/virtualNetworks/vnet/subnets/VMSubnet\"}}",
            "parameters_content": "{\"network_security_group_id\":{\"value\":\"\"},\"route_table_id\":{\"value\":\"\"},\"subnet_address_prefix\":{\"value\":\"10.0.0.0/24\"},\"subnet_name\":{\"value\":\"VMSubnet\"},\"vnet_name\":{\"value\":\"vnet\"}}",
            "resource_group_name": "dtf-virtual-machine-test",
            "tags": {},
            "template_content": "{\"$schema\":\"http://schema.management.azure.com/schemas/2015-01-01/deploymentTemplate.json#\",\"contentVersion\":\"1.0.0.0\",\"outputs\":{\"subnet_id\":{\"type\":\"String\",\"value\":\"[resourceId('Microsoft.Network/virtualNetworks/subnets', parameters('vnet_name'), parameters('subnet_name'))]\"}},\"parameters\":{\"network_security_group_id\":{\"type\":\"String\"},\"route_table_id\":{\"type\":\"String\"},\"subnet_address_prefix\":{\"type\":\"String\"},\"subnet_name\":{\"type\":\"String\"},\"vnet_name\":{\"type\":\"String\"}},\"resources\":[{\"apiVersion\":\"2022-11-01\",\"name\":\"[concat(parameters('vnet_name'), '/', parameters('subnet_name'))]\",\"properties\":{\"addressPrefix\":\"[parameters('subnet_address_prefix')]\",\"networkSecurityGroup\":\"[if(equals(parameters('network_security_group_id'),''), json('null'), json(concat('{\\\"id\\\": \\\"', parameters('network_security_group_id'), '\\\"}')))]\",\"routeTable\":\"[if(equals(parameters('route_table_id'),''), json('null'), json(concat('{\\\"id\\\": \\\"', parameters('route_table_id'), '\\\"}')))]\"},\"type\":\"Microsoft.Network/virtualNetworks/subnets\"}]}",
            "template_spec_version_id": "",
            "timeouts": null
          },
          "sensitive_attributes": [],
          "private": "eyJlMmJmYjczMC1lY2FhLTExZTYtOGY4OC0zNDM2M2JjN2M0YzAiOnsiY3JlYXRlIjoxMDgwMDAwMDAwMDAwMCwiZGVsZXRlIjoxMDgwMDAwMDAwMDAwMCwicmVhZCI6MzAwMDAwMDAwMDAwLCJ1cGRhdGUiOjEwODAwMDAwMDAwMDAwfX0=",
          "dependencies": [
            "azurerm_resource_group.test_rg",
            "module.vnet.azurerm_virtual_network.vnet"
          ]
        }
      ]
    },
    {
      "module": "module.vnet",
      "mode": "managed",
      "type": "azurerm_virtual_network",
      "name": "vnet",
      "provider": "provider[\"registry.terraform.io/hashicorp/azurerm\"]",
      "instances": [
        {
          "schema_version": 0,
          "attributes": {
            "address_space": [
              "10.0.0.0/16"
            ],
            "bgp_community": "",
            "ddos_protection_plan": [],
            "dns_servers": [],
            "edge_zone": "",
            "flow_timeout_in_minutes": 0,
            "guid": "abcf746a-c824-4fb2-9c71-a858c900d7ab",
            "id": "/subscriptions/d94fe338-52d8-4a44-acd4-4f8301adf2cf/resourceGroups/dtf-virtual-machine-test/providers/Microsoft.Network/virtualNetworks/vnet",
            "location": "westeurope",
            "name": "vnet",
            "resource_group_name": "dtf-virtual-machine-test",
            "subnet": [
              {
                "address_prefix": "10.0.0.0/24",
                "id": "/subscriptions/d94fe338-52d8-4a44-acd4-4f8301adf2cf/resourceGroups/dtf-virtual-machine-test/providers/Microsoft.Network/virtualNetworks/vnet/subnets/VMSubnet",
                "name": "VMSubnet",
                "security_group": ""
              }
            ],
            "tags": {
              "CreationDateTime": "2023-07-30T13:49:25.0706824Z",
              "Environment": "Dev"
            },
            "timeouts": null
          },
          "sensitive_attributes": [],
          "private": "eyJlMmJmYjczMC1lY2FhLTExZTYtOGY4OC0zNDM2M2JjN2M0YzAiOnsiY3JlYXRlIjoxODAwMDAwMDAwMDAwLCJkZWxldGUiOjE4MDAwMDAwMDAwMDAsInJlYWQiOjMwMDAwMDAwMDAwMCwidXBkYXRlIjoxODAwMDAwMDAwMDAwfX0=",
          "dependencies": [
            "azurerm_resource_group.test_rg"
          ]
        }
      ]
    }
  ],
  "check_results": null
}
